schema: '2.0'
stages:
  make_dataset:
    cmd: python .\src\data\make_dataset.py Training
    deps:
    - path: .\data\raw\Training
      hash: md5
      md5: 115ba59527aaaa7bb4d5009e3ef34067.dir
      size: 79703413
      nfiles: 2870
    - path: .\src\data\make_dataset.py
      hash: md5
      md5: 2d54afef13b5bd0ad8cb56f4cdc39f3c
      size: 5473
    params:
      params.yaml:
        make_dataset.image_size:
        - 200
        - 200
        - 1
        make_dataset.random_state: 25
        make_dataset.test_size: 0.3
    outs:
    - path: .\data\interium
      hash: md5
      md5: 693a4b45d69c5520618f69f1c1d6e513.dir
      size: 114806258
      nfiles: 4
  data_preprocessing:
    cmd: python .\src\features\data_preprocessing.py X_train y_train X_val y_val
    deps:
    - path: .\data\interium
      hash: md5
      md5: 693a4b45d69c5520618f69f1c1d6e513.dir
      size: 114806258
      nfiles: 4
    - path: .\src\features\data_preprocessing.py
      hash: md5
      md5: 2efa6f808baca320fa2946a4efaae6c3
      size: 3550
    outs:
    - path: .\data\processed
      hash: md5
      md5: 99c84051dd2bb36a78c70ba7bc40e3d1.dir
      size: 918492804
      nfiles: 4
  train_model:
    cmd: python .\src\models\train_model.py .\data\processed
    deps:
    - path: .\data\processed
      hash: md5
      md5: 99c84051dd2bb36a78c70ba7bc40e3d1.dir
      size: 918492804
      nfiles: 4
    - path: .\src\models\train_model.py
      hash: md5
      md5: 2b404f16b3ae852ab57eca27f616dfa9
      size: 4594
    params:
      params.yaml:
        make_dataset.image_size:
        - 200
        - 200
        - 1
        train_model.batch_size: 16
        train_model.epochs: 1
        train_model.model_name: CNNmodel2
    outs:
    - path: .\models
      hash: md5
      md5: c28003dbe6c3451bc650831f56383e8a.dir
      size: 983340128
      nfiles: 1
  predict_model:
    cmd: python .\src\models\predict_model.py .\data\raw\Testing
    deps:
    - path: .\data\raw\Testing
      hash: md5
      md5: 8b17d7ee8019891d6d308f570a6c2b2b.dir
      size: 13375930
      nfiles: 394
    - path: .\models
      hash: md5
      md5: c28003dbe6c3451bc650831f56383e8a.dir
      size: 983340128
      nfiles: 1
    - path: .\src\models\predict_model.py
      hash: md5
      md5: 546a2704748ec4eac0a48a9cd0dc3549
      size: 4471
    outs:
    - path: .\reports
      hash: md5
      md5: 57fa4c53f1f28ae896fb28c6d12f3c74.dir
      size: 476
      nfiles: 1
